
Microsoft Visual Studio Solution File, Format Version 12.00
# Visual Studio Version 16
VisualStudioVersion = 16.0.30011.22
MinimumVisualStudioVersion = 10.0.40219.1
Project("{FAE04EC0-301F-11D3-BF4B-00C04F79EFBC}") = "Volta.ChefHelperBL", "Volta.ChefHelperBL\Volta.ChefHelperBL.csproj", "{4638F678-6347-4F40-841E-DCB2B4FE5C99}"
EndProject
Project("{FAE04EC0-301F-11D3-BF4B-00C04F79EFBC}") = "Volta.ChefHelperView", "Volta.ChefHelperView\Volta.ChefHelperView.csproj", "{5F57B095-DCC4-48A7-9C87-2BFEE030D9A5}"
EndProject
Global
	GlobalSection(SolutionConfigurationPlatforms) = preSolution
		Debug|Any CPU = Debug|Any CPU
		Release|Any CPU = Release|Any CPU
	EndGlobalSection
	GlobalSection(ProjectConfigurationPlatforms) = postSolution
		{4638F678-6347-4F40-841E-DCB2B4FE5C99}.Debug|Any CPU.ActiveCfg = Debug|Any CPU
		{4638F678-6347-4F40-841E-DCB2B4FE5C99}.Debug|Any CPU.Build.0 = Debug|Any CPU
		{4638F678-6347-4F40-841E-DCB2B4FE5C99}.Release|Any CPU.ActiveCfg = Release|Any CPU
		{4638F678-6347-4F40-841E-DCB2B4FE5C99}.Release|Any CPU.Build.0 = Release|Any CPU
		{5F57B095-DCC4-48A7-9C87-2BFEE030D9A5}.Debug|Any CPU.ActiveCfg = Debug|Any CPU
		{5F57B095-DCC4-48A7-9C87-2BFEE030D9A5}.Debug|Any CPU.Build.0 = Debug|Any CPU
		{5F57B095-DCC4-48A7-9C87-2BFEE030D9A5}.Release|Any CPU.ActiveCfg = Release|Any CPU
		{5F57B095-DCC4-48A7-9C87-2BFEE030D9A5}.Release|Any CPU.Build.0 = Release|Any CPU
	EndGlobalSection
	GlobalSection(SolutionProperties) = preSolution
		HideSolutionNode = FALSE
	EndGlobalSection
	GlobalSection(ExtensibilityGlobals) = postSolution
		SolutionGuid = {4E0FE2DF-6932-4412-BA80-63D3A17A6273}
	EndGlobalSection
EndGlobal
